
Microsoft Visual Studio Solution File, Format Version 12.00
# Visual Studio Version 16
VisualStudioVersion = 16.0.31702.278
MinimumVisualStudioVersion = 10.0.40219.1
Project("{FAE04EC0-301F-11D3-BF4B-00C04F79EFBC}") = "ThirdHomeWork", "ThirdHomeWork\ThirdHomeWork.csproj", "{2EDB3B05-4399-4E23-B9D1-95FFCF8250CE}"
EndProject
Global
	GlobalSection(SolutionConfigurationPlatforms) = preSolution
		Debug|Any CPU = Debug|Any CPU
		Release|Any CPU = Release|Any CPU
	EndGlobalSection
	GlobalSection(ProjectConfigurationPlatforms) = postSolution
		{2EDB3B05-4399-4E23-B9D1-95FFCF8250CE}.Debug|Any CPU.ActiveCfg = Debug|Any CPU
		{2EDB3B05-4399-4E23-B9D1-95FFCF8250CE}.Debug|Any CPU.Build.0 = Debug|Any CPU
		{2EDB3B05-4399-4E23-B9D1-95FFCF8250CE}.Release|Any CPU.ActiveCfg = Release|Any CPU
		{2EDB3B05-4399-4E23-B9D1-95FFCF8250CE}.Release|Any CPU.Build.0 = Release|Any CPU
	EndGlobalSection
	GlobalSection(SolutionProperties) = preSolution
		HideSolutionNode = FALSE
	EndGlobalSection
	GlobalSection(ExtensibilityGlobals) = postSolution
		SolutionGuid = {BD0FCB68-78CC-405A-9620-40ECFBCF85E5}
	EndGlobalSection
EndGlobal
